// !$*UTF8*$!
{
	archiveVersion = 1;
	classes = {
	};
	objectVersion = 55;
	objects = {

/* Begin PBXBuildFile section */
		56CA3EB828C69FFD00AE2DD5 /* g_main.c in Sources */ = {isa = PBXBuildFile; fileRef = 56CA3EB728C69FFD00AE2DD5 /* g_main.c */; };
		56CA3EB928C6AA7E00AE2DD5 /* genlib.c in Sources */ = {isa = PBXBuildFile; fileRef = 6076643328C68FB200CD99E5 /* genlib.c */; };
		56CA3EBB28C6AA7E00AE2DD5 /* mathlib.c in Sources */ = {isa = PBXBuildFile; fileRef = 6076643E28C68FB200CD99E5 /* mathlib.c */; };
		56CA3EBD28C6AA7E00AE2DD5 /* texture.c in Sources */ = {isa = PBXBuildFile; fileRef = 6076643828C68FB200CD99E5 /* texture.c */; };
		56CA3EBE28C6AA7E00AE2DD5 /* video.c in Sources */ = {isa = PBXBuildFile; fileRef = 6076643628C68FB200CD99E5 /* video.c */; };
		603B178128CEC94C00CF0E8A /* w_main.c in Sources */ = {isa = PBXBuildFile; fileRef = 603B178028CEC94C00CF0E8A /* w_main.c */; };
		604ABB5728E226DD007A9DD4 /* w_tile.c in Sources */ = {isa = PBXBuildFile; fileRef = 604ABB5628E226DD007A9DD4 /* w_tile.c */; };
		6052685628FB9F510032599F /* coord.c in Sources */ = {isa = PBXBuildFile; fileRef = 6052685528FB9F510032599F /* coord.c */; };
		6052685828FCA23B0032599F /* g_state.c in Sources */ = {isa = PBXBuildFile; fileRef = 6052685728FCA23B0032599F /* g_state.c */; };
		6052685A28FCA8360032599F /* g_controls.c in Sources */ = {isa = PBXBuildFile; fileRef = 6052685928FCA8360032599F /* g_controls.c */; };
		6052685D28FDB1CC0032599F /* ui_screen.c in Sources */ = {isa = PBXBuildFile; fileRef = 6052685C28FDB1CC0032599F /* ui_screen.c */; };
		6052686028FDB2EF0032599F /* stack.c in Sources */ = {isa = PBXBuildFile; fileRef = 6052685F28FDB2EF0032599F /* stack.c */; };
		6076642B28C68F8400CD99E5 /* main.c in Sources */ = {isa = PBXBuildFile; fileRef = 6076642A28C68F8400CD99E5 /* main.c */; };
		60E06B2328E256AD0077F607 /* inventory.c in Sources */ = {isa = PBXBuildFile; fileRef = 60E06B2228E256AD0077F607 /* inventory.c */; };
		60E06B2628E373FE0077F607 /* input.c in Sources */ = {isa = PBXBuildFile; fileRef = 60E06B2528E373FE0077F607 /* input.c */; };
		60E06B2C28E7844B0077F607 /* cardinal.c in Sources */ = {isa = PBXBuildFile; fileRef = 60E06B2B28E7844B0077F607 /* cardinal.c */; };
		60E06B2F28E7A3730077F607 /* list.c in Sources */ = {isa = PBXBuildFile; fileRef = 60E06B2E28E7A3730077F607 /* list.c */; };
		60E06B3228E7A8520077F607 /* array.c in Sources */ = {isa = PBXBuildFile; fileRef = 60E06B3128E7A8520077F607 /* array.c */; };
		60E0BDC428D021EA00413F7B /* a_main.c in Sources */ = {isa = PBXBuildFile; fileRef = 60E0BDC328D021EA00413F7B /* a_main.c */; };
		60E0BDC728D0244200413F7B /* sprite.c in Sources */ = {isa = PBXBuildFile; fileRef = 60E0BDC628D0244200413F7B /* sprite.c */; };
		60E0BDCA28D0264A00413F7B /* sprites.c in Sources */ = {isa = PBXBuildFile; fileRef = 60E0BDC928D0264A00413F7B /* sprites.c */; };
		60E497CF28D12B3C00F4A322 /* w_render.c in Sources */ = {isa = PBXBuildFile; fileRef = 60E497CE28D12B3C00F4A322 /* w_render.c */; };
		60E497D128D12D9800F4A322 /* w_generation.c in Sources */ = {isa = PBXBuildFile; fileRef = 60E497D028D12D9800F4A322 /* w_generation.c */; };
		60E4986D28D3707300F4A322 /* a_definitions.c in Sources */ = {isa = PBXBuildFile; fileRef = 60E4986C28D3707300F4A322 /* a_definitions.c */; };
		60E498A528DA81DE00F4A322 /* m_misc.c in Sources */ = {isa = PBXBuildFile; fileRef = 60E498A428DA81DE00F4A322 /* m_misc.c */; };
		60E498A828DB45E000F4A322 /* w_update.c in Sources */ = {isa = PBXBuildFile; fileRef = 60E498A728DB45E000F4A322 /* w_update.c */; };
		60E498AC28DC976100F4A322 /* m_debug.c in Sources */ = {isa = PBXBuildFile; fileRef = 60E498AB28DC976100F4A322 /* m_debug.c */; };
		60E498AF28DCB27600F4A322 /* vector.c in Sources */ = {isa = PBXBuildFile; fileRef = 60E498AE28DCB27600F4A322 /* vector.c */; };
		60EF449628F7264200F8D17F /* menu.c in Sources */ = {isa = PBXBuildFile; fileRef = 60EF449528F7264200F8D17F /* menu.c */; };
/* End PBXBuildFile section */

/* Begin PBXCopyFilesBuildPhase section */
		6076642528C68F8400CD99E5 /* CopyFiles */ = {
			isa = PBXCopyFilesBuildPhase;
			buildActionMask = 2147483647;
			dstPath = /usr/share/man/man1/;
			dstSubfolderSpec = 0;
			files = (
			);
			runOnlyForDeploymentPostprocessing = 1;
		};
/* End PBXCopyFilesBuildPhase section */

/* Begin PBXFileReference section */
		56CA3EB628C69FFD00AE2DD5 /* g_game.h */ = {isa = PBXFileReference; lastKnownFileType = sourcecode.c.h; path = g_game.h; sourceTree = "<group>"; };
		56CA3EB728C69FFD00AE2DD5 /* g_main.c */ = {isa = PBXFileReference; lastKnownFileType = sourcecode.c.c; path = g_main.c; sourceTree = "<group>"; };
		603B177F28CEC94C00CF0E8A /* w_world.h */ = {isa = PBXFileReference; lastKnownFileType = sourcecode.c.h; path = w_world.h; sourceTree = "<group>"; };
		603B178028CEC94C00CF0E8A /* w_main.c */ = {isa = PBXFileReference; lastKnownFileType = sourcecode.c.c; path = w_main.c; sourceTree = "<group>"; };
		604ABB5528E226DD007A9DD4 /* w_tile.h */ = {isa = PBXFileReference; lastKnownFileType = sourcecode.c.h; path = w_tile.h; sourceTree = "<group>"; };
		604ABB5628E226DD007A9DD4 /* w_tile.c */ = {isa = PBXFileReference; lastKnownFileType = sourcecode.c.c; path = w_tile.c; sourceTree = "<group>"; };
		6052685428FB9F510032599F /* coord.h */ = {isa = PBXFileReference; lastKnownFileType = sourcecode.c.h; path = coord.h; sourceTree = "<group>"; };
		6052685528FB9F510032599F /* coord.c */ = {isa = PBXFileReference; lastKnownFileType = sourcecode.c.c; path = coord.c; sourceTree = "<group>"; };
		6052685728FCA23B0032599F /* g_state.c */ = {isa = PBXFileReference; lastKnownFileType = sourcecode.c.c; path = g_state.c; sourceTree = "<group>"; };
		6052685928FCA8360032599F /* g_controls.c */ = {isa = PBXFileReference; lastKnownFileType = sourcecode.c.c; path = g_controls.c; sourceTree = "<group>"; };
		6052685B28FDB1CC0032599F /* ui_screen.h */ = {isa = PBXFileReference; lastKnownFileType = sourcecode.c.h; path = ui_screen.h; sourceTree = "<group>"; };
		6052685C28FDB1CC0032599F /* ui_screen.c */ = {isa = PBXFileReference; lastKnownFileType = sourcecode.c.c; path = ui_screen.c; sourceTree = "<group>"; };
		6052685E28FDB2EF0032599F /* stack.h */ = {isa = PBXFileReference; lastKnownFileType = sourcecode.c.h; path = stack.h; sourceTree = "<group>"; };
		6052685F28FDB2EF0032599F /* stack.c */ = {isa = PBXFileReference; lastKnownFileType = sourcecode.c.c; path = stack.c; sourceTree = "<group>"; };
		6071397B2904E5AB0069226D /* a_info.h */ = {isa = PBXFileReference; lastKnownFileType = sourcecode.c.h; path = a_info.h; sourceTree = "<group>"; };
		6071397C2904E7A40069226D /* types.h */ = {isa = PBXFileReference; lastKnownFileType = sourcecode.c.h; path = types.h; sourceTree = "<group>"; };
		6076642728C68F8400CD99E5 /* Game */ = {isa = PBXFileReference; explicitFileType = "compiled.mach-o.executable"; includeInIndex = 0; path = Game; sourceTree = BUILT_PRODUCTS_DIR; };
		6076642A28C68F8400CD99E5 /* main.c */ = {isa = PBXFileReference; lastKnownFileType = sourcecode.c.c; path = main.c; sourceTree = "<group>"; };
		6076643128C68F9900CD99E5 /* Game.entitlements */ = {isa = PBXFileReference; lastKnownFileType = text.plist.entitlements; path = Game.entitlements; sourceTree = "<group>"; };
		6076643328C68FB200CD99E5 /* genlib.c */ = {isa = PBXFileReference; lastKnownFileType = sourcecode.c.c; path = genlib.c; sourceTree = "<group>"; };
		6076643628C68FB200CD99E5 /* video.c */ = {isa = PBXFileReference; lastKnownFileType = sourcecode.c.c; path = video.c; sourceTree = "<group>"; };
		6076643728C68FB200CD99E5 /* mathlib.h */ = {isa = PBXFileReference; lastKnownFileType = sourcecode.c.h; path = mathlib.h; sourceTree = "<group>"; };
		6076643828C68FB200CD99E5 /* texture.c */ = {isa = PBXFileReference; lastKnownFileType = sourcecode.c.c; path = texture.c; sourceTree = "<group>"; };
		6076643928C68FB200CD99E5 /* genlib.h */ = {isa = PBXFileReference; lastKnownFileType = sourcecode.c.h; path = genlib.h; sourceTree = "<group>"; };
		6076643B28C68FB200CD99E5 /* video.h */ = {isa = PBXFileReference; lastKnownFileType = sourcecode.c.h; path = video.h; sourceTree = "<group>"; };
		6076643D28C68FB200CD99E5 /* texture.h */ = {isa = PBXFileReference; lastKnownFileType = sourcecode.c.h; path = texture.h; sourceTree = "<group>"; };
		6076643E28C68FB200CD99E5 /* mathlib.c */ = {isa = PBXFileReference; lastKnownFileType = sourcecode.c.c; path = mathlib.c; sourceTree = "<group>"; };
		6076644028C68FB200CD99E5 /* atari_4x8.h */ = {isa = PBXFileReference; lastKnownFileType = sourcecode.c.h; path = atari_4x8.h; sourceTree = "<group>"; };
		6076644128C68FB200CD99E5 /* cp437_8x8.h */ = {isa = PBXFileReference; lastKnownFileType = sourcecode.c.h; path = cp437_8x8.h; sourceTree = "<group>"; };
		6076644228C68FB200CD99E5 /* nes_16x16.h */ = {isa = PBXFileReference; lastKnownFileType = sourcecode.c.h; path = nes_16x16.h; sourceTree = "<group>"; };
		6076644328C68FB200CD99E5 /* cp437_8x16.h */ = {isa = PBXFileReference; lastKnownFileType = sourcecode.c.h; path = cp437_8x16.h; sourceTree = "<group>"; };
		60E06B2128E256AD0077F607 /* inventory.h */ = {isa = PBXFileReference; lastKnownFileType = sourcecode.c.h; path = inventory.h; sourceTree = "<group>"; };
		60E06B2228E256AD0077F607 /* inventory.c */ = {isa = PBXFileReference; lastKnownFileType = sourcecode.c.c; path = inventory.c; sourceTree = "<group>"; };
		60E06B2428E373FE0077F607 /* input.h */ = {isa = PBXFileReference; lastKnownFileType = sourcecode.c.h; path = input.h; sourceTree = "<group>"; };
		60E06B2528E373FE0077F607 /* input.c */ = {isa = PBXFileReference; lastKnownFileType = sourcecode.c.c; path = input.c; sourceTree = "<group>"; };
		60E06B2A28E7844B0077F607 /* cardinal.h */ = {isa = PBXFileReference; lastKnownFileType = sourcecode.c.h; path = cardinal.h; sourceTree = "<group>"; };
		60E06B2B28E7844B0077F607 /* cardinal.c */ = {isa = PBXFileReference; lastKnownFileType = sourcecode.c.c; path = cardinal.c; sourceTree = "<group>"; };
		60E06B2D28E7A3730077F607 /* list.h */ = {isa = PBXFileReference; lastKnownFileType = sourcecode.c.h; path = list.h; sourceTree = "<group>"; };
		60E06B2E28E7A3730077F607 /* list.c */ = {isa = PBXFileReference; lastKnownFileType = sourcecode.c.c; path = list.c; sourceTree = "<group>"; };
		60E06B3028E7A8520077F607 /* array.h */ = {isa = PBXFileReference; lastKnownFileType = sourcecode.c.h; path = array.h; sourceTree = "<group>"; };
		60E06B3128E7A8520077F607 /* array.c */ = {isa = PBXFileReference; lastKnownFileType = sourcecode.c.c; path = array.c; sourceTree = "<group>"; };
		60E0BDC128CEEF1A00413F7B /* Assets */ = {isa = PBXFileReference; lastKnownFileType = folder; path = Assets; sourceTree = "<group>"; };
		60E0BDC228D021EA00413F7B /* a_actor.h */ = {isa = PBXFileReference; lastKnownFileType = sourcecode.c.h; path = a_actor.h; sourceTree = "<group>"; };
		60E0BDC328D021EA00413F7B /* a_main.c */ = {isa = PBXFileReference; lastKnownFileType = sourcecode.c.c; path = a_main.c; sourceTree = "<group>"; };
		60E0BDC528D0244200413F7B /* sprite.h */ = {isa = PBXFileReference; fileEncoding = 4; lastKnownFileType = sourcecode.c.h; path = sprite.h; sourceTree = "<group>"; };
		60E0BDC628D0244200413F7B /* sprite.c */ = {isa = PBXFileReference; fileEncoding = 4; lastKnownFileType = sourcecode.c.c; path = sprite.c; sourceTree = "<group>"; };
		60E0BDC828D0264A00413F7B /* sprites.h */ = {isa = PBXFileReference; lastKnownFileType = sourcecode.c.h; path = sprites.h; sourceTree = "<group>"; };
		60E0BDC928D0264A00413F7B /* sprites.c */ = {isa = PBXFileReference; lastKnownFileType = sourcecode.c.c; path = sprites.c; sourceTree = "<group>"; };
		60E497CE28D12B3C00F4A322 /* w_render.c */ = {isa = PBXFileReference; lastKnownFileType = sourcecode.c.c; path = w_render.c; sourceTree = "<group>"; };
		60E497D028D12D9800F4A322 /* w_generation.c */ = {isa = PBXFileReference; lastKnownFileType = sourcecode.c.c; path = w_generation.c; sourceTree = "<group>"; };
		60E4986C28D3707300F4A322 /* a_definitions.c */ = {isa = PBXFileReference; lastKnownFileType = sourcecode.c.c; path = a_definitions.c; sourceTree = "<group>"; };
		60E4987028D37D6100F4A322 /* a_types.h */ = {isa = PBXFileReference; lastKnownFileType = sourcecode.c.h; path = a_types.h; sourceTree = "<group>"; };
		60E498A328DA81DE00F4A322 /* m_misc.h */ = {isa = PBXFileReference; lastKnownFileType = sourcecode.c.h; path = m_misc.h; sourceTree = "<group>"; };
		60E498A428DA81DE00F4A322 /* m_misc.c */ = {isa = PBXFileReference; lastKnownFileType = sourcecode.c.c; path = m_misc.c; sourceTree = "<group>"; };
		60E498A728DB45E000F4A322 /* w_update.c */ = {isa = PBXFileReference; lastKnownFileType = sourcecode.c.c; path = w_update.c; sourceTree = "<group>"; };
		60E498AA28DC976100F4A322 /* m_debug.h */ = {isa = PBXFileReference; lastKnownFileType = sourcecode.c.h; path = m_debug.h; sourceTree = "<group>"; };
		60E498AB28DC976100F4A322 /* m_debug.c */ = {isa = PBXFileReference; lastKnownFileType = sourcecode.c.c; path = m_debug.c; sourceTree = "<group>"; };
		60E498AD28DCB27600F4A322 /* vector.h */ = {isa = PBXFileReference; lastKnownFileType = sourcecode.c.h; path = vector.h; sourceTree = "<group>"; };
		60E498AE28DCB27600F4A322 /* vector.c */ = {isa = PBXFileReference; lastKnownFileType = sourcecode.c.c; path = vector.c; sourceTree = "<group>"; };
		60EF449428F7264200F8D17F /* menu.h */ = {isa = PBXFileReference; lastKnownFileType = sourcecode.c.h; path = menu.h; sourceTree = "<group>"; };
		60EF449528F7264200F8D17F /* menu.c */ = {isa = PBXFileReference; lastKnownFileType = sourcecode.c.c; path = menu.c; sourceTree = "<group>"; };
/* End PBXFileReference section */

/* Begin PBXFrameworksBuildPhase section */
		6076642428C68F8400CD99E5 /* Frameworks */ = {
			isa = PBXFrameworksBuildPhase;
			buildActionMask = 2147483647;
			files = (
			);
			runOnlyForDeploymentPostprocessing = 0;
		};
/* End PBXFrameworksBuildPhase section */

/* Begin PBXGroup section */
		6076641E28C68F8400CD99E5 = {
			isa = PBXGroup;
			children = (
				6076642928C68F8400CD99E5 /* Game */,
				6076642828C68F8400CD99E5 /* Products */,
			);
			sourceTree = "<group>";
		};
		6076642828C68F8400CD99E5 /* Products */ = {
			isa = PBXGroup;
			children = (
				6076642728C68F8400CD99E5 /* Game */,
			);
			name = Products;
			sourceTree = "<group>";
		};
		6076642928C68F8400CD99E5 /* Game */ = {
			isa = PBXGroup;
			children = (
				60E0BDC128CEEF1A00413F7B /* Assets */,
				6076643228C68FB200CD99E5 /* mylib */,
				6076643128C68F9900CD99E5 /* Game.entitlements */,
				60E0BDC228D021EA00413F7B /* a_actor.h */,
				6071397B2904E5AB0069226D /* a_info.h */,
				60E4987028D37D6100F4A322 /* a_types.h */,
				60E4986C28D3707300F4A322 /* a_definitions.c */,
				60E0BDC328D021EA00413F7B /* a_main.c */,
				60E06B2A28E7844B0077F607 /* cardinal.h */,
				60E06B2B28E7844B0077F607 /* cardinal.c */,
				6052685428FB9F510032599F /* coord.h */,
				6052685528FB9F510032599F /* coord.c */,
				56CA3EB628C69FFD00AE2DD5 /* g_game.h */,
				56CA3EB728C69FFD00AE2DD5 /* g_main.c */,
				6052685928FCA8360032599F /* g_controls.c */,
				6052685728FCA23B0032599F /* g_state.c */,
				60E06B2128E256AD0077F607 /* inventory.h */,
				60E06B2228E256AD0077F607 /* inventory.c */,
				6076642A28C68F8400CD99E5 /* main.c */,
				60E498AA28DC976100F4A322 /* m_debug.h */,
				60E498AB28DC976100F4A322 /* m_debug.c */,
				60E498A328DA81DE00F4A322 /* m_misc.h */,
				60E498A428DA81DE00F4A322 /* m_misc.c */,
				60EF449428F7264200F8D17F /* menu.h */,
				60EF449528F7264200F8D17F /* menu.c */,
				60E0BDC828D0264A00413F7B /* sprites.h */,
				60E0BDC928D0264A00413F7B /* sprites.c */,
				6052685B28FDB1CC0032599F /* ui_screen.h */,
				6052685C28FDB1CC0032599F /* ui_screen.c */,
				603B177F28CEC94C00CF0E8A /* w_world.h */,
				603B178028CEC94C00CF0E8A /* w_main.c */,
				60E497D028D12D9800F4A322 /* w_generation.c */,
				60E497CE28D12B3C00F4A322 /* w_render.c */,
				60E498A728DB45E000F4A322 /* w_update.c */,
				604ABB5528E226DD007A9DD4 /* w_tile.h */,
				604ABB5628E226DD007A9DD4 /* w_tile.c */,
			);
			path = Game;
			sourceTree = "<group>";
		};
		6076643228C68FB200CD99E5 /* mylib */ = {
			isa = PBXGroup;
			children = (
				6076643F28C68FB200CD99E5 /* fonts */,
				60E06B3028E7A8520077F607 /* array.h */,
				60E06B3128E7A8520077F607 /* array.c */,
				6076643928C68FB200CD99E5 /* genlib.h */,
				6076643328C68FB200CD99E5 /* genlib.c */,
				60E06B2428E373FE0077F607 /* input.h */,
				60E06B2528E373FE0077F607 /* input.c */,
				60E06B2D28E7A3730077F607 /* list.h */,
				60E06B2E28E7A3730077F607 /* list.c */,
				6076643728C68FB200CD99E5 /* mathlib.h */,
				6076643E28C68FB200CD99E5 /* mathlib.c */,
				60E0BDC528D0244200413F7B /* sprite.h */,
				60E0BDC628D0244200413F7B /* sprite.c */,
				6052685E28FDB2EF0032599F /* stack.h */,
				6052685F28FDB2EF0032599F /* stack.c */,
				6076643D28C68FB200CD99E5 /* texture.h */,
				6076643828C68FB200CD99E5 /* texture.c */,
				6071397C2904E7A40069226D /* types.h */,
				60E498AD28DCB27600F4A322 /* vector.h */,
				60E498AE28DCB27600F4A322 /* vector.c */,
				6076643B28C68FB200CD99E5 /* video.h */,
				6076643628C68FB200CD99E5 /* video.c */,
			);
			path = mylib;
			sourceTree = "<group>";
		};
		6076643F28C68FB200CD99E5 /* fonts */ = {
			isa = PBXGroup;
			children = (
				6076644028C68FB200CD99E5 /* atari_4x8.h */,
				6076644128C68FB200CD99E5 /* cp437_8x8.h */,
				6076644228C68FB200CD99E5 /* nes_16x16.h */,
				6076644328C68FB200CD99E5 /* cp437_8x16.h */,
			);
			path = fonts;
			sourceTree = "<group>";
		};
/* End PBXGroup section */

/* Begin PBXNativeTarget section */
		6076642628C68F8400CD99E5 /* Game */ = {
			isa = PBXNativeTarget;
			buildConfigurationList = 6076642E28C68F8400CD99E5 /* Build configuration list for PBXNativeTarget "Game" */;
			buildPhases = (
				6076642328C68F8400CD99E5 /* Sources */,
				6076642428C68F8400CD99E5 /* Frameworks */,
				6076642528C68F8400CD99E5 /* CopyFiles */,
			);
			buildRules = (
			);
			dependencies = (
			);
			name = Game;
			productName = Game;
			productReference = 6076642728C68F8400CD99E5 /* Game */;
			productType = "com.apple.product-type.tool";
		};
/* End PBXNativeTarget section */

/* Begin PBXProject section */
		6076641F28C68F8400CD99E5 /* Project object */ = {
			isa = PBXProject;
			attributes = {
				BuildIndependentTargetsInParallel = 1;
				LastUpgradeCheck = 1340;
				TargetAttributes = {
					6076642628C68F8400CD99E5 = {
						CreatedOnToolsVersion = 13.4.1;
					};
				};
			};
			buildConfigurationList = 6076642228C68F8400CD99E5 /* Build configuration list for PBXProject "Game" */;
			compatibilityVersion = "Xcode 13.0";
			developmentRegion = en;
			hasScannedForEncodings = 0;
			knownRegions = (
				en,
				Base,
			);
			mainGroup = 6076641E28C68F8400CD99E5;
			productRefGroup = 6076642828C68F8400CD99E5 /* Products */;
			projectDirPath = "";
			projectRoot = "";
			targets = (
				6076642628C68F8400CD99E5 /* Game */,
			);
		};
/* End PBXProject section */

/* Begin PBXSourcesBuildPhase section */
		6076642328C68F8400CD99E5 /* Sources */ = {
			isa = PBXSourcesBuildPhase;
			buildActionMask = 2147483647;
			files = (
				6052686028FDB2EF0032599F /* stack.c in Sources */,
				56CA3EB928C6AA7E00AE2DD5 /* genlib.c in Sources */,
				60E498A528DA81DE00F4A322 /* m_misc.c in Sources */,
				60E06B2F28E7A3730077F607 /* list.c in Sources */,
				60E0BDC728D0244200413F7B /* sprite.c in Sources */,
				60E06B2C28E7844B0077F607 /* cardinal.c in Sources */,
				56CA3EBB28C6AA7E00AE2DD5 /* mathlib.c in Sources */,
				60E0BDCA28D0264A00413F7B /* sprites.c in Sources */,
				60E06B2328E256AD0077F607 /* inventory.c in Sources */,
				60E0BDC428D021EA00413F7B /* a_main.c in Sources */,
				6052685828FCA23B0032599F /* g_state.c in Sources */,
				604ABB5728E226DD007A9DD4 /* w_tile.c in Sources */,
				60E497D128D12D9800F4A322 /* w_generation.c in Sources */,
				60E498AF28DCB27600F4A322 /* vector.c in Sources */,
				60E498AC28DC976100F4A322 /* m_debug.c in Sources */,
				6052685A28FCA8360032599F /* g_controls.c in Sources */,
				60E498A828DB45E000F4A322 /* w_update.c in Sources */,
				60E06B3228E7A8520077F607 /* array.c in Sources */,
				60E497CF28D12B3C00F4A322 /* w_render.c in Sources */,
				60E06B2628E373FE0077F607 /* input.c in Sources */,
				56CA3EBD28C6AA7E00AE2DD5 /* texture.c in Sources */,
				56CA3EBE28C6AA7E00AE2DD5 /* video.c in Sources */,
				60EF449628F7264200F8D17F /* menu.c in Sources */,
				603B178128CEC94C00CF0E8A /* w_main.c in Sources */,
				6076642B28C68F8400CD99E5 /* main.c in Sources */,
				60E4986D28D3707300F4A322 /* a_definitions.c in Sources */,
				56CA3EB828C69FFD00AE2DD5 /* g_main.c in Sources */,
				6052685D28FDB1CC0032599F /* ui_screen.c in Sources */,
				6052685628FB9F510032599F /* coord.c in Sources */,
			);
			runOnlyForDeploymentPostprocessing = 0;
		};
/* End PBXSourcesBuildPhase section */

/* Begin XCBuildConfiguration section */
		6076642C28C68F8400CD99E5 /* Debug */ = {
			isa = XCBuildConfiguration;
			buildSettings = {
				ALWAYS_SEARCH_USER_PATHS = NO;
				CLANG_ANALYZER_NONNULL = YES;
				CLANG_ANALYZER_NUMBER_OBJECT_CONVERSION = YES_AGGRESSIVE;
				CLANG_CXX_LANGUAGE_STANDARD = "gnu++17";
				CLANG_ENABLE_MODULES = YES;
				CLANG_ENABLE_OBJC_ARC = YES;
				CLANG_ENABLE_OBJC_WEAK = YES;
				CLANG_WARN_BLOCK_CAPTURE_AUTORELEASING = YES;
				CLANG_WARN_BOOL_CONVERSION = YES;
				CLANG_WARN_COMMA = YES;
				CLANG_WARN_CONSTANT_CONVERSION = YES;
				CLANG_WARN_DEPRECATED_OBJC_IMPLEMENTATIONS = YES;
				CLANG_WARN_DIRECT_OBJC_ISA_USAGE = YES_ERROR;
				CLANG_WARN_DOCUMENTATION_COMMENTS = YES;
				CLANG_WARN_EMPTY_BODY = YES;
				CLANG_WARN_ENUM_CONVERSION = YES;
				CLANG_WARN_INFINITE_RECURSION = YES;
				CLANG_WARN_INT_CONVERSION = YES;
				CLANG_WARN_NON_LITERAL_NULL_CONVERSION = YES;
				CLANG_WARN_OBJC_IMPLICIT_RETAIN_SELF = YES;
				CLANG_WARN_OBJC_LITERAL_CONVERSION = YES;
				CLANG_WARN_OBJC_ROOT_CLASS = YES_ERROR;
				CLANG_WARN_QUOTED_INCLUDE_IN_FRAMEWORK_HEADER = YES;
				CLANG_WARN_RANGE_LOOP_ANALYSIS = YES;
				CLANG_WARN_STRICT_PROTOTYPES = YES;
				CLANG_WARN_SUSPICIOUS_MOVE = YES;
				CLANG_WARN_UNGUARDED_AVAILABILITY = YES_AGGRESSIVE;
				CLANG_WARN_UNREACHABLE_CODE = YES;
				CLANG_WARN__DUPLICATE_METHOD_MATCH = YES;
				COPY_PHASE_STRIP = NO;
				DEBUG_INFORMATION_FORMAT = dwarf;
				ENABLE_STRICT_OBJC_MSGSEND = YES;
				ENABLE_TESTABILITY = YES;
				GCC_C_LANGUAGE_STANDARD = gnu11;
				GCC_DYNAMIC_NO_PIC = NO;
				GCC_NO_COMMON_BLOCKS = YES;
				GCC_OPTIMIZATION_LEVEL = 0;
				GCC_PREPROCESSOR_DEFINITIONS = (
					"DEBUG=1",
					"$(inherited)",
				);
				GCC_WARN_64_TO_32_BIT_CONVERSION = YES;
				GCC_WARN_ABOUT_RETURN_TYPE = YES_ERROR;
				GCC_WARN_UNDECLARED_SELECTOR = YES;
				GCC_WARN_UNINITIALIZED_AUTOS = YES_AGGRESSIVE;
				GCC_WARN_UNUSED_FUNCTION = YES;
				GCC_WARN_UNUSED_VARIABLE = YES;
				MACOSX_DEPLOYMENT_TARGET = 12.3;
				MTL_ENABLE_DEBUG_INFO = INCLUDE_SOURCE;
				MTL_FAST_MATH = YES;
				ONLY_ACTIVE_ARCH = YES;
				SDKROOT = macosx;
			};
			name = Debug;
		};
		6076642D28C68F8400CD99E5 /* Release */ = {
			isa = XCBuildConfiguration;
			buildSettings = {
				ALWAYS_SEARCH_USER_PATHS = NO;
				CLANG_ANALYZER_NONNULL = YES;
				CLANG_ANALYZER_NUMBER_OBJECT_CONVERSION = YES_AGGRESSIVE;
				CLANG_CXX_LANGUAGE_STANDARD = "gnu++17";
				CLANG_ENABLE_MODULES = YES;
				CLANG_ENABLE_OBJC_ARC = YES;
				CLANG_ENABLE_OBJC_WEAK = YES;
				CLANG_WARN_BLOCK_CAPTURE_AUTORELEASING = YES;
				CLANG_WARN_BOOL_CONVERSION = YES;
				CLANG_WARN_COMMA = YES;
				CLANG_WARN_CONSTANT_CONVERSION = YES;
				CLANG_WARN_DEPRECATED_OBJC_IMPLEMENTATIONS = YES;
				CLANG_WARN_DIRECT_OBJC_ISA_USAGE = YES_ERROR;
				CLANG_WARN_DOCUMENTATION_COMMENTS = YES;
				CLANG_WARN_EMPTY_BODY = YES;
				CLANG_WARN_ENUM_CONVERSION = YES;
				CLANG_WARN_INFINITE_RECURSION = YES;
				CLANG_WARN_INT_CONVERSION = YES;
				CLANG_WARN_NON_LITERAL_NULL_CONVERSION = YES;
				CLANG_WARN_OBJC_IMPLICIT_RETAIN_SELF = YES;
				CLANG_WARN_OBJC_LITERAL_CONVERSION = YES;
				CLANG_WARN_OBJC_ROOT_CLASS = YES_ERROR;
				CLANG_WARN_QUOTED_INCLUDE_IN_FRAMEWORK_HEADER = YES;
				CLANG_WARN_RANGE_LOOP_ANALYSIS = YES;
				CLANG_WARN_STRICT_PROTOTYPES = YES;
				CLANG_WARN_SUSPICIOUS_MOVE = YES;
				CLANG_WARN_UNGUARDED_AVAILABILITY = YES_AGGRESSIVE;
				CLANG_WARN_UNREACHABLE_CODE = YES;
				CLANG_WARN__DUPLICATE_METHOD_MATCH = YES;
				COPY_PHASE_STRIP = NO;
				DEBUG_INFORMATION_FORMAT = "dwarf-with-dsym";
				ENABLE_NS_ASSERTIONS = NO;
				ENABLE_STRICT_OBJC_MSGSEND = YES;
				GCC_C_LANGUAGE_STANDARD = gnu11;
				GCC_NO_COMMON_BLOCKS = YES;
				GCC_WARN_64_TO_32_BIT_CONVERSION = YES;
				GCC_WARN_ABOUT_RETURN_TYPE = YES_ERROR;
				GCC_WARN_UNDECLARED_SELECTOR = YES;
				GCC_WARN_UNINITIALIZED_AUTOS = YES_AGGRESSIVE;
				GCC_WARN_UNUSED_FUNCTION = YES;
				GCC_WARN_UNUSED_VARIABLE = YES;
				MACOSX_DEPLOYMENT_TARGET = 12.3;
				MTL_ENABLE_DEBUG_INFO = NO;
				MTL_FAST_MATH = YES;
				SDKROOT = macosx;
			};
			name = Release;
		};
		6076642F28C68F8400CD99E5 /* Debug */ = {
			isa = XCBuildConfiguration;
			buildSettings = {
				CODE_SIGN_ENTITLEMENTS = Game/Game.entitlements;
				CODE_SIGN_IDENTITY = "-";
				CODE_SIGN_STYLE = Automatic;
				DEVELOPMENT_TEAM = "";
				ENABLE_HARDENED_RUNTIME = YES;
				HEADER_SEARCH_PATHS = /usr/local/include/SDL2;
				LIBRARY_SEARCH_PATHS = /usr/local/lib/;
				OTHER_LDFLAGS = (
					"-lSDL2",
					"-lSDL2_image",
				);
				PRODUCT_NAME = "$(TARGET_NAME)";
			};
			name = Debug;
		};
		6076643028C68F8400CD99E5 /* Release */ = {
			isa = XCBuildConfiguration;
			buildSettings = {
				CODE_SIGN_ENTITLEMENTS = Game/Game.entitlements;
				CODE_SIGN_IDENTITY = "-";
				CODE_SIGN_STYLE = Automatic;
				DEVELOPMENT_TEAM = "";
				ENABLE_HARDENED_RUNTIME = YES;
				HEADER_SEARCH_PATHS = /usr/local/include/SDL2;
				LIBRARY_SEARCH_PATHS = /usr/local/lib/;
				OTHER_LDFLAGS = (
					"-lSDL2",
					"-lSDL2_image",
				);
				PRODUCT_NAME = "$(TARGET_NAME)";
			};
			name = Release;
		};
/* End XCBuildConfiguration section */

/* Begin XCConfigurationList section */
		6076642228C68F8400CD99E5 /* Build configuration list for PBXProject "Game" */ = {
			isa = XCConfigurationList;
			buildConfigurations = (
				6076642C28C68F8400CD99E5 /* Debug */,
				6076642D28C68F8400CD99E5 /* Release */,
			);
			defaultConfigurationIsVisible = 0;
			defaultConfigurationName = Release;
		};
		6076642E28C68F8400CD99E5 /* Build configuration list for PBXNativeTarget "Game" */ = {
			isa = XCConfigurationList;
			buildConfigurations = (
				6076642F28C68F8400CD99E5 /* Debug */,
				6076643028C68F8400CD99E5 /* Release */,
			);
			defaultConfigurationIsVisible = 0;
			defaultConfigurationName = Release;
		};
/* End XCConfigurationList section */
	};
	rootObject = 6076641F28C68F8400CD99E5 /* Project object */;
}
